
Microsoft Visual Studio Solution File, Format Version 12.00
# Visual Studio Version 16
VisualStudioVersion = 16.0.30309.148
MinimumVisualStudioVersion = 10.0.40219.1
Project("{FAE04EC0-301F-11D3-BF4B-00C04F79EFBC}") = "CarbCyclingDietCalculator", "CarbCyclingDietCalculator\CarbCyclingDietCalculator.csproj", "{C8ABF68F-8DC1-4059-B495-29B80CBB1936}"
EndProject
Global
	GlobalSection(SolutionConfigurationPlatforms) = preSolution
		Debug|Any CPU = Debug|Any CPU
		Release|Any CPU = Release|Any CPU
	EndGlobalSection
	GlobalSection(ProjectConfigurationPlatforms) = postSolution
		{C8ABF68F-8DC1-4059-B495-29B80CBB1936}.Debug|Any CPU.ActiveCfg = Debug|Any CPU
		{C8ABF68F-8DC1-4059-B495-29B80CBB1936}.Debug|Any CPU.Build.0 = Debug|Any CPU
		{C8ABF68F-8DC1-4059-B495-29B80CBB1936}.Release|Any CPU.ActiveCfg = Release|Any CPU
		{C8ABF68F-8DC1-4059-B495-29B80CBB1936}.Release|Any CPU.Build.0 = Release|Any CPU
	EndGlobalSection
	GlobalSection(SolutionProperties) = preSolution
		HideSolutionNode = FALSE
	EndGlobalSection
	GlobalSection(ExtensibilityGlobals) = postSolution
		SolutionGuid = {0E63CC7F-F519-4D9B-8007-69258303D0C7}
	EndGlobalSection
EndGlobal
